
Microsoft Visual Studio Solution File, Format Version 12.00
# Visual Studio Version 17
VisualStudioVersion = 17.0.31919.166
MinimumVisualStudioVersion = 10.0.40219.1
Project("{FAE04EC0-301F-11D3-BF4B-00C04F79EFBC}") = "SalesWebMvc", "SalesWebMvc\SalesWebMvc.csproj", "{BA3EE295-7170-449C-BD9C-AEF382E05CB1}"
EndProject
Global
	GlobalSection(SolutionConfigurationPlatforms) = preSolution
		Debug|Any CPU = Debug|Any CPU
		Release|Any CPU = Release|Any CPU
	EndGlobalSection
	GlobalSection(ProjectConfigurationPlatforms) = postSolution
		{BA3EE295-7170-449C-BD9C-AEF382E05CB1}.Debug|Any CPU.ActiveCfg = Debug|Any CPU
		{BA3EE295-7170-449C-BD9C-AEF382E05CB1}.Debug|Any CPU.Build.0 = Debug|Any CPU
		{BA3EE295-7170-449C-BD9C-AEF382E05CB1}.Release|Any CPU.ActiveCfg = Release|Any CPU
		{BA3EE295-7170-449C-BD9C-AEF382E05CB1}.Release|Any CPU.Build.0 = Release|Any CPU
	EndGlobalSection
	GlobalSection(SolutionProperties) = preSolution
		HideSolutionNode = FALSE
	EndGlobalSection
	GlobalSection(ExtensibilityGlobals) = postSolution
		SolutionGuid = {77F4A3D7-962C-4BAA-9BA5-03FF78765848}
	EndGlobalSection
EndGlobal
